// !$*UTF8*$!
{
	archiveVersion = 1;
	classes = {
	};
	objectVersion = 48;
	objects = {

/* Begin PBXBuildFile section */
		16A6B8802011884F00D03277 /* AppDelegate.swift in Sources */ = {isa = PBXBuildFile; fileRef = 16A6B87F2011884F00D03277 /* AppDelegate.swift */; };
		16A6B8822011884F00D03277 /* ViewController.swift in Sources */ = {isa = PBXBuildFile; fileRef = 16A6B8812011884F00D03277 /* ViewController.swift */; };
		16A6B8852011884F00D03277 /* Main.storyboard in Resources */ = {isa = PBXBuildFile; fileRef = 16A6B8832011884F00D03277 /* Main.storyboard */; };
		16A6B8872011884F00D03277 /* Assets.xcassets in Resources */ = {isa = PBXBuildFile; fileRef = 16A6B8862011884F00D03277 /* Assets.xcassets */; };
		16A6B88A2011884F00D03277 /* LaunchScreen.storyboard in Resources */ = {isa = PBXBuildFile; fileRef = 16A6B8882011884F00D03277 /* LaunchScreen.storyboard */; };
		16A6B8952011884F00D03277 /* ExpandTableViewHeaderTestTests.swift in Sources */ = {isa = PBXBuildFile; fileRef = 16A6B8942011884F00D03277 /* ExpandTableViewHeaderTestTests.swift */; };
		16A6B8A02011884F00D03277 /* ExpandTableViewHeaderTestUITests.swift in Sources */ = {isa = PBXBuildFile; fileRef = 16A6B89F2011884F00D03277 /* ExpandTableViewHeaderTestUITests.swift */; };
		16A6B8AE20118CC600D03277 /* 1.jpg in Resources */ = {isa = PBXBuildFile; fileRef = 16A6B8AD20118CC600D03277 /* 1.jpg */; };
/* End PBXBuildFile section */

/* Begin PBXContainerItemProxy section */
		16A6B8912011884F00D03277 /* PBXContainerItemProxy */ = {
			isa = PBXContainerItemProxy;
			containerPortal = 16A6B8742011884E00D03277 /* Project object */;
			proxyType = 1;
			remoteGlobalIDString = 16A6B87B2011884E00D03277;
			remoteInfo = ExpandTableViewHeaderTest;
		};
		16A6B89C2011884F00D03277 /* PBXContainerItemProxy */ = {
			isa = PBXContainerItemProxy;
			containerPortal = 16A6B8742011884E00D03277 /* Project object */;
			proxyType = 1;
			remoteGlobalIDString = 16A6B87B2011884E00D03277;
			remoteInfo = ExpandTableViewHeaderTest;
		};
/* End PBXContainerItemProxy section */

/* Begin PBXFileReference section */
		16A6B87C2011884F00D03277 /* ExpandTableViewHeaderTest.app */ = {isa = PBXFileReference; explicitFileType = wrapper.application; includeInIndex = 0; path = ExpandTableViewHeaderTest.app; sourceTree = BUILT_PRODUCTS_DIR; };
		16A6B87F2011884F00D03277 /* AppDelegate.swift */ = {isa = PBXFileReference; lastKnownFileType = sourcecode.swift; path = AppDelegate.swift; sourceTree = "<group>"; };
		16A6B8812011884F00D03277 /* ViewController.swift */ = {isa = PBXFileReference; lastKnownFileType = sourcecode.swift; path = ViewController.swift; sourceTree = "<group>"; };
		16A6B8842011884F00D03277 /* Base */ = {isa = PBXFileReference; lastKnownFileType = file.storyboard; name = Base; path = Base.lproj/Main.storyboard; sourceTree = "<group>"; };
		16A6B8862011884F00D03277 /* Assets.xcassets */ = {isa = PBXFileReference; lastKnownFileType = folder.assetcatalog; path = Assets.xcassets; sourceTree = "<group>"; };
		16A6B8892011884F00D03277 /* Base */ = {isa = PBXFileReference; lastKnownFileType = file.storyboard; name = Base; path = Base.lproj/LaunchScreen.storyboard; sourceTree = "<group>"; };
		16A6B88B2011884F00D03277 /* Info.plist */ = {isa = PBXFileReference; lastKnownFileType = text.plist.xml; path = Info.plist; sourceTree = "<group>"; };
		16A6B8902011884F00D03277 /* ExpandTableViewHeaderTestTests.xctest */ = {isa = PBXFileReference; explicitFileType = wrapper.cfbundle; includeInIndex = 0; path = ExpandTableViewHeaderTestTests.xctest; sourceTree = BUILT_PRODUCTS_DIR; };
		16A6B8942011884F00D03277 /* ExpandTableViewHeaderTestTests.swift */ = {isa = PBXFileReference; lastKnownFileType = sourcecode.swift; path = ExpandTableViewHeaderTestTests.swift; sourceTree = "<group>"; };
		16A6B8962011884F00D03277 /* Info.plist */ = {isa = PBXFileReference; lastKnownFileType = text.plist.xml; path = Info.plist; sourceTree = "<group>"; };
		16A6B89B2011884F00D03277 /* ExpandTableViewHeaderTestUITests.xctest */ = {isa = PBXFileReference; explicitFileType = wrapper.cfbundle; includeInIndex = 0; path = ExpandTableViewHeaderTestUITests.xctest; sourceTree = BUILT_PRODUCTS_DIR; };
		16A6B89F2011884F00D03277 /* ExpandTableViewHeaderTestUITests.swift */ = {isa = PBXFileReference; lastKnownFileType = sourcecode.swift; path = ExpandTableViewHeaderTestUITests.swift; sourceTree = "<group>"; };
		16A6B8A12011884F00D03277 /* Info.plist */ = {isa = PBXFileReference; lastKnownFileType = text.plist.xml; path = Info.plist; sourceTree = "<group>"; };
		16A6B8AD20118CC600D03277 /* 1.jpg */ = {isa = PBXFileReference; lastKnownFileType = image.jpeg; path = 1.jpg; sourceTree = "<group>"; };
/* End PBXFileReference section */

/* Begin PBXFrameworksBuildPhase section */
		16A6B8792011884E00D03277 /* Frameworks */ = {
			isa = PBXFrameworksBuildPhase;
			buildActionMask = 2147483647;
			files = (
			);
			runOnlyForDeploymentPostprocessing = 0;
		};
		16A6B88D2011884F00D03277 /* Frameworks */ = {
			isa = PBXFrameworksBuildPhase;
			buildActionMask = 2147483647;
			files = (
			);
			runOnlyForDeploymentPostprocessing = 0;
		};
		16A6B8982011884F00D03277 /* Frameworks */ = {
			isa = PBXFrameworksBuildPhase;
			buildActionMask = 2147483647;
			files = (
			);
			runOnlyForDeploymentPostprocessing = 0;
		};
/* End PBXFrameworksBuildPhase section */

/* Begin PBXGroup section */
		16A6B8732011884E00D03277 = {
			isa = PBXGroup;
			children = (
				16A6B87E2011884F00D03277 /* ExpandTableViewHeaderTest */,
				16A6B8932011884F00D03277 /* ExpandTableViewHeaderTestTests */,
				16A6B89E2011884F00D03277 /* ExpandTableViewHeaderTestUITests */,
				16A6B87D2011884F00D03277 /* Products */,
			);
			sourceTree = "<group>";
		};
		16A6B87D2011884F00D03277 /* Products */ = {
			isa = PBXGroup;
			children = (
				16A6B87C2011884F00D03277 /* ExpandTableViewHeaderTest.app */,
				16A6B8902011884F00D03277 /* ExpandTableViewHeaderTestTests.xctest */,
				16A6B89B2011884F00D03277 /* ExpandTableViewHeaderTestUITests.xctest */,
			);
			name = Products;
			sourceTree = "<group>";
		};
		16A6B87E2011884F00D03277 /* ExpandTableViewHeaderTest */ = {
			isa = PBXGroup;
			children = (
				16A6B8AD20118CC600D03277 /* 1.jpg */,
				16A6B87F2011884F00D03277 /* AppDelegate.swift */,
				16A6B8812011884F00D03277 /* ViewController.swift */,
				16A6B8832011884F00D03277 /* Main.storyboard */,
				16A6B8862011884F00D03277 /* Assets.xcassets */,
				16A6B8882011884F00D03277 /* LaunchScreen.storyboard */,
				16A6B88B2011884F00D03277 /* Info.plist */,
			);
			path = ExpandTableViewHeaderTest;
			sourceTree = "<group>";
		};
		16A6B8932011884F00D03277 /* ExpandTableViewHeaderTestTests */ = {
			isa = PBXGroup;
			children = (
				16A6B8942011884F00D03277 /* ExpandTableViewHeaderTestTests.swift */,
				16A6B8962011884F00D03277 /* Info.plist */,
			);
			path = ExpandTableViewHeaderTestTests;
			sourceTree = "<group>";
		};
		16A6B89E2011884F00D03277 /* ExpandTableViewHeaderTestUITests */ = {
			isa = PBXGroup;
			children = (
				16A6B89F2011884F00D03277 /* ExpandTableViewHeaderTestUITests.swift */,
				16A6B8A12011884F00D03277 /* Info.plist */,
			);
			path = ExpandTableViewHeaderTestUITests;
			sourceTree = "<group>";
		};
/* End PBXGroup section */

/* Begin PBXNativeTarget section */
		16A6B87B2011884E00D03277 /* ExpandTableViewHeaderTest */ = {
			isa = PBXNativeTarget;
			buildConfigurationList = 16A6B8A42011884F00D03277 /* Build configuration list for PBXNativeTarget "ExpandTableViewHeaderTest" */;
			buildPhases = (
				16A6B8782011884E00D03277 /* Sources */,
				16A6B8792011884E00D03277 /* Frameworks */,
				16A6B87A2011884E00D03277 /* Resources */,
			);
			buildRules = (
			);
			dependencies = (
			);
			name = ExpandTableViewHeaderTest;
			productName = ExpandTableViewHeaderTest;
			productReference = 16A6B87C2011884F00D03277 /* ExpandTableViewHeaderTest.app */;
			productType = "com.apple.product-type.application";
		};
		16A6B88F2011884F00D03277 /* ExpandTableViewHeaderTestTests */ = {
			isa = PBXNativeTarget;
			buildConfigurationList = 16A6B8A72011884F00D03277 /* Build configuration list for PBXNativeTarget "ExpandTableViewHeaderTestTests" */;
			buildPhases = (
				16A6B88C2011884F00D03277 /* Sources */,
				16A6B88D2011884F00D03277 /* Frameworks */,
				16A6B88E2011884F00D03277 /* Resources */,
			);
			buildRules = (
			);
			dependencies = (
				16A6B8922011884F00D03277 /* PBXTargetDependency */,
			);
			name = ExpandTableViewHeaderTestTests;
			productName = ExpandTableViewHeaderTestTests;
			productReference = 16A6B8902011884F00D03277 /* ExpandTableViewHeaderTestTests.xctest */;
			productType = "com.apple.product-type.bundle.unit-test";
		};
		16A6B89A2011884F00D03277 /* ExpandTableViewHeaderTestUITests */ = {
			isa = PBXNativeTarget;
			buildConfigurationList = 16A6B8AA2011884F00D03277 /* Build configuration list for PBXNativeTarget "ExpandTableViewHeaderTestUITests" */;
			buildPhases = (
				16A6B8972011884F00D03277 /* Sources */,
				16A6B8982011884F00D03277 /* Frameworks */,
				16A6B8992011884F00D03277 /* Resources */,
			);
			buildRules = (
			);
			dependencies = (
				16A6B89D2011884F00D03277 /* PBXTargetDependency */,
			);
			name = ExpandTableViewHeaderTestUITests;
			productName = ExpandTableViewHeaderTestUITests;
			productReference = 16A6B89B2011884F00D03277 /* ExpandTableViewHeaderTestUITests.xctest */;
			productType = "com.apple.product-type.bundle.ui-testing";
		};
/* End PBXNativeTarget section */

/* Begin PBXProject section */
		16A6B8742011884E00D03277 /* Project object */ = {
			isa = PBXProject;
			attributes = {
				LastSwiftUpdateCheck = 0910;
				LastUpgradeCheck = 0910;
				ORGANIZATIONNAME = zhaojian;
				TargetAttributes = {
					16A6B87B2011884E00D03277 = {
						CreatedOnToolsVersion = 9.1;
						ProvisioningStyle = Automatic;
					};
					16A6B88F2011884F00D03277 = {
						CreatedOnToolsVersion = 9.1;
						ProvisioningStyle = Automatic;
						TestTargetID = 16A6B87B2011884E00D03277;
					};
					16A6B89A2011884F00D03277 = {
						CreatedOnToolsVersion = 9.1;
						ProvisioningStyle = Automatic;
						TestTargetID = 16A6B87B2011884E00D03277;
					};
				};
			};
			buildConfigurationList = 16A6B8772011884E00D03277 /* Build configuration list for PBXProject "ExpandTableViewHeaderTest" */;
			compatibilityVersion = "Xcode 8.0";
			developmentRegion = en;
			hasScannedForEncodings = 0;
			knownRegions = (
				en,
				Base,
			);
			mainGroup = 16A6B8732011884E00D03277;
			productRefGroup = 16A6B87D2011884F00D03277 /* Products */;
			projectDirPath = "";
			projectRoot = "";
			targets = (
				16A6B87B2011884E00D03277 /* ExpandTableViewHeaderTest */,
				16A6B88F2011884F00D03277 /* ExpandTableViewHeaderTestTests */,
				16A6B89A2011884F00D03277 /* ExpandTableViewHeaderTestUITests */,
			);
		};
/* End PBXProject section */

/* Begin PBXResourcesBuildPhase section */
		16A6B87A2011884E00D03277 /* Resources */ = {
			isa = PBXResourcesBuildPhase;
			buildActionMask = 2147483647;
			files = (
				16A6B88A2011884F00D03277 /* LaunchScreen.storyboard in Resources */,
				16A6B8AE20118CC600D03277 /* 1.jpg in Resources */,
				16A6B8872011884F00D03277 /* Assets.xcassets in Resources */,
				16A6B8852011884F00D03277 /* Main.storyboard in Resources */,
			);
			runOnlyForDeploymentPostprocessing = 0;
		};
		16A6B88E2011884F00D03277 /* Resources */ = {
			isa = PBXResourcesBuildPhase;
			buildActionMask = 2147483647;
			files = (
			);
			runOnlyForDeploymentPostprocessing = 0;
		};
		16A6B8992011884F00D03277 /* Resources */ = {
			isa = PBXResourcesBuildPhase;
			buildActionMask = 2147483647;
			files = (
			);
			runOnlyForDeploymentPostprocessing = 0;
		};
/* End PBXResourcesBuildPhase section */

/* Begin PBXSourcesBuildPhase section */
		16A6B8782011884E00D03277 /* Sources */ = {
			isa = PBXSourcesBuildPhase;
			buildActionMask = 2147483647;
			files = (
				16A6B8822011884F00D03277 /* ViewController.swift in Sources */,
				16A6B8802011884F00D03277 /* AppDelegate.swift in Sources */,
			);
			runOnlyForDeploymentPostprocessing = 0;
		};
		16A6B88C2011884F00D03277 /* Sources */ = {
			isa = PBXSourcesBuildPhase;
			buildActionMask = 2147483647;
			files = (
				16A6B8952011884F00D03277 /* ExpandTableViewHeaderTestTests.swift in Sources */,
			);
			runOnlyForDeploymentPostprocessing = 0;
		};
		16A6B8972011884F00D03277 /* Sources */ = {
			isa = PBXSourcesBuildPhase;
			buildActionMask = 2147483647;
			files = (
				16A6B8A02011884F00D03277 /* ExpandTableViewHeaderTestUITests.swift in Sources */,
			);
			runOnlyForDeploymentPostprocessing = 0;
		};
/* End PBXSourcesBuildPhase section */

/* Begin PBXTargetDependency section */
		16A6B8922011884F00D03277 /* PBXTargetDependency */ = {
			isa = PBXTargetDependency;
			target = 16A6B87B2011884E00D03277 /* ExpandTableViewHeaderTest */;
			targetProxy = 16A6B8912011884F00D03277 /* PBXContainerItemProxy */;
		};
		16A6B89D2011884F00D03277 /* PBXTargetDependency */ = {
			isa = PBXTargetDependency;
			target = 16A6B87B2011884E00D03277 /* ExpandTableViewHeaderTest */;
			targetProxy = 16A6B89C2011884F00D03277 /* PBXContainerItemProxy */;
		};
/* End PBXTargetDependency section */

/* Begin PBXVariantGroup section */
		16A6B8832011884F00D03277 /* Main.storyboard */ = {
			isa = PBXVariantGroup;
			children = (
				16A6B8842011884F00D03277 /* Base */,
			);
			name = Main.storyboard;
			sourceTree = "<group>";
		};
		16A6B8882011884F00D03277 /* LaunchScreen.storyboard */ = {
			isa = PBXVariantGroup;
			children = (
				16A6B8892011884F00D03277 /* Base */,
			);
			name = LaunchScreen.storyboard;
			sourceTree = "<group>";
		};
/* End PBXVariantGroup section */

/* Begin XCBuildConfiguration section */
		16A6B8A22011884F00D03277 /* Debug */ = {
			isa = XCBuildConfiguration;
			buildSettings = {
				ALWAYS_SEARCH_USER_PATHS = NO;
				CLANG_ANALYZER_NONNULL = YES;
				CLANG_ANALYZER_NUMBER_OBJECT_CONVERSION = YES_AGGRESSIVE;
				CLANG_CXX_LANGUAGE_STANDARD = "gnu++14";
				CLANG_CXX_LIBRARY = "libc++";
				CLANG_ENABLE_MODULES = YES;
				CLANG_ENABLE_OBJC_ARC = YES;
				CLANG_WARN_BLOCK_CAPTURE_AUTORELEASING = YES;
				CLANG_WARN_BOOL_CONVERSION = YES;
				CLANG_WARN_COMMA = YES;
				CLANG_WARN_CONSTANT_CONVERSION = YES;
				CLANG_WARN_DIRECT_OBJC_ISA_USAGE = YES_ERROR;
				CLANG_WARN_DOCUMENTATION_COMMENTS = YES;
				CLANG_WARN_EMPTY_BODY = YES;
				CLANG_WARN_ENUM_CONVERSION = YES;
				CLANG_WARN_INFINITE_RECURSION = YES;
				CLANG_WARN_INT_CONVERSION = YES;
				CLANG_WARN_NON_LITERAL_NULL_CONVERSION = YES;
				CLANG_WARN_OBJC_LITERAL_CONVERSION = YES;
				CLANG_WARN_OBJC_ROOT_CLASS = YES_ERROR;
				CLANG_WARN_RANGE_LOOP_ANALYSIS = YES;
				CLANG_WARN_STRICT_PROTOTYPES = YES;
				CLANG_WARN_SUSPICIOUS_MOVE = YES;
				CLANG_WARN_UNGUARDED_AVAILABILITY = YES_AGGRESSIVE;
				CLANG_WARN_UNREACHABLE_CODE = YES;
				CLANG_WARN__DUPLICATE_METHOD_MATCH = YES;
				CODE_SIGN_IDENTITY = "iPhone Developer";
				COPY_PHASE_STRIP = NO;
				DEBUG_INFORMATION_FORMAT = dwarf;
				ENABLE_STRICT_OBJC_MSGSEND = YES;
				ENABLE_TESTABILITY = YES;
				GCC_C_LANGUAGE_STANDARD = gnu11;
				GCC_DYNAMIC_NO_PIC = NO;
				GCC_NO_COMMON_BLOCKS = YES;
				GCC_OPTIMIZATION_LEVEL = 0;
				GCC_PREPROCESSOR_DEFINITIONS = (
					"DEBUG=1",
					"$(inherited)",
				);
				GCC_WARN_64_TO_32_BIT_CONVERSION = YES;
				GCC_WARN_ABOUT_RETURN_TYPE = YES_ERROR;
				GCC_WARN_UNDECLARED_SELECTOR = YES;
				GCC_WARN_UNINITIALIZED_AUTOS = YES_AGGRESSIVE;
				GCC_WARN_UNUSED_FUNCTION = YES;
				GCC_WARN_UNUSED_VARIABLE = YES;
				IPHONEOS_DEPLOYMENT_TARGET = 11.1;
				MTL_ENABLE_DEBUG_INFO = YES;
				ONLY_ACTIVE_ARCH = YES;
				SDKROOT = iphoneos;
				SWIFT_ACTIVE_COMPILATION_CONDITIONS = DEBUG;
				SWIFT_OPTIMIZATION_LEVEL = "-Onone";
			};
			name = Debug;
		};
		16A6B8A32011884F00D03277 /* Release */ = {
			isa = XCBuildConfiguration;
			buildSettings = {
				ALWAYS_SEARCH_USER_PATHS = NO;
				CLANG_ANALYZER_NONNULL = YES;
				CLANG_ANALYZER_NUMBER_OBJECT_CONVERSION = YES_AGGRESSIVE;
				CLANG_CXX_LANGUAGE_STANDARD = "gnu++14";
				CLANG_CXX_LIBRARY = "libc++";
				CLANG_ENABLE_MODULES = YES;
				CLANG_ENABLE_OBJC_ARC = YES;
				CLANG_WARN_BLOCK_CAPTURE_AUTORELEASING = YES;
				CLANG_WARN_BOOL_CONVERSION = YES;
				CLANG_WARN_COMMA = YES;
				CLANG_WARN_CONSTANT_CONVERSION = YES;
				CLANG_WARN_DIRECT_OBJC_ISA_USAGE = YES_ERROR;
				CLANG_WARN_DOCUMENTATION_COMMENTS = YES;
				CLANG_WARN_EMPTY_BODY = YES;
				CLANG_WARN_ENUM_CONVERSION = YES;
				CLANG_WARN_INFINITE_RECURSION = YES;
				CLANG_WARN_INT_CONVERSION = YES;
				CLANG_WARN_NON_LITERAL_NULL_CONVERSION = YES;
				CLANG_WARN_OBJC_LITERAL_CONVERSION = YES;
				CLANG_WARN_OBJC_ROOT_CLASS = YES_ERROR;
				CLANG_WARN_RANGE_LOOP_ANALYSIS = YES;
				CLANG_WARN_STRICT_PROTOTYPES = YES;
				CLANG_WARN_SUSPICIOUS_MOVE = YES;
				CLANG_WARN_UNGUARDED_AVAILABILITY = YES_AGGRESSIVE;
				CLANG_WARN_UNREACHABLE_CODE = YES;
				CLANG_WARN__DUPLICATE_METHOD_MATCH = YES;
				CODE_SIGN_IDENTITY = "iPhone Developer";
				COPY_PHASE_STRIP = NO;
				DEBUG_INFORMATION_FORMAT = "dwarf-with-dsym";
				ENABLE_NS_ASSERTIONS = NO;
				ENABLE_STRICT_OBJC_MSGSEND = YES;
				GCC_C_LANGUAGE_STANDARD = gnu11;
				GCC_NO_COMMON_BLOCKS = YES;
				GCC_WARN_64_TO_32_BIT_CONVERSION = YES;
				GCC_WARN_ABOUT_RETURN_TYPE = YES_ERROR;
				GCC_WARN_UNDECLARED_SELECTOR = YES;
				GCC_WARN_UNINITIALIZED_AUTOS = YES_AGGRESSIVE;
				GCC_WARN_UNUSED_FUNCTION = YES;
				GCC_WARN_UNUSED_VARIABLE = YES;
				IPHONEOS_DEPLOYMENT_TARGET = 11.1;
				MTL_ENABLE_DEBUG_INFO = NO;
				SDKROOT = iphoneos;
				SWIFT_OPTIMIZATION_LEVEL = "-Owholemodule";
				VALIDATE_PRODUCT = YES;
			};
			name = Release;
		};
		16A6B8A52011884F00D03277 /* Debug */ = {
			isa = XCBuildConfiguration;
			buildSettings = {
				ASSETCATALOG_COMPILER_APPICON_NAME = AppIcon;
				CODE_SIGN_STYLE = Automatic;
				INFOPLIST_FILE = ExpandTableViewHeaderTest/Info.plist;
				LD_RUNPATH_SEARCH_PATHS = "$(inherited) @executable_path/Frameworks";
				PRODUCT_BUNDLE_IDENTIFIER = boxfish.ExpandTableViewHeaderTest;
				PRODUCT_NAME = "$(TARGET_NAME)";
				SWIFT_VERSION = 4.0;
				TARGETED_DEVICE_FAMILY = "1,2";
			};
			name = Debug;
		};
		16A6B8A62011884F00D03277 /* Release */ = {
			isa = XCBuildConfiguration;
			buildSettings = {
				ASSETCATALOG_COMPILER_APPICON_NAME = AppIcon;
				CODE_SIGN_STYLE = Automatic;
				INFOPLIST_FILE = ExpandTableViewHeaderTest/Info.plist;
				LD_RUNPATH_SEARCH_PATHS = "$(inherited) @executable_path/Frameworks";
				PRODUCT_BUNDLE_IDENTIFIER = boxfish.ExpandTableViewHeaderTest;
				PRODUCT_NAME = "$(TARGET_NAME)";
				SWIFT_VERSION = 4.0;
				TARGETED_DEVICE_FAMILY = "1,2";
			};
			name = Release;
		};
		16A6B8A82011884F00D03277 /* Debug */ = {
			isa = XCBuildConfiguration;
			buildSettings = {
				ALWAYS_EMBED_SWIFT_STANDARD_LIBRARIES = YES;
				BUNDLE_LOADER = "$(TEST_HOST)";
				CODE_SIGN_STYLE = Automatic;
				INFOPLIST_FILE = ExpandTableViewHeaderTestTests/Info.plist;
				LD_RUNPATH_SEARCH_PATHS = "$(inherited) @executable_path/Frameworks @loader_path/Frameworks";
				PRODUCT_BUNDLE_IDENTIFIER = boxfish.ExpandTableViewHeaderTestTests;
				PRODUCT_NAME = "$(TARGET_NAME)";
				SWIFT_VERSION = 4.0;
				TARGETED_DEVICE_FAMILY = "1,2";
				TEST_HOST = "$(BUILT_PRODUCTS_DIR)/ExpandTableViewHeaderTest.app/ExpandTableViewHeaderTest";
			};
			name = Debug;
		};
		16A6B8A92011884F00D03277 /* Release */ = {
			isa = XCBuildConfiguration;
			buildSettings = {
				ALWAYS_EMBED_SWIFT_STANDARD_LIBRARIES = YES;
				BUNDLE_LOADER = "$(TEST_HOST)";
				CODE_SIGN_STYLE = Automatic;
				INFOPLIST_FILE = ExpandTableViewHeaderTestTests/Info.plist;
				LD_RUNPATH_SEARCH_PATHS = "$(inherited) @executable_path/Frameworks @loader_path/Frameworks";
				PRODUCT_BUNDLE_IDENTIFIER = boxfish.ExpandTableViewHeaderTestTests;
				PRODUCT_NAME = "$(TARGET_NAME)";
				SWIFT_VERSION = 4.0;
				TARGETED_DEVICE_FAMILY = "1,2";
				TEST_HOST = "$(BUILT_PRODUCTS_DIR)/ExpandTableViewHeaderTest.app/ExpandTableViewHeaderTest";
			};
			name = Release;
		};
		16A6B8AB2011884F00D03277 /* Debug */ = {
			isa = XCBuildConfiguration;
			buildSettings = {
				ALWAYS_EMBED_SWIFT_STANDARD_LIBRARIES = YES;
				CODE_SIGN_STYLE = Automatic;
				INFOPLIST_FILE = ExpandTableViewHeaderTestUITests/Info.plist;
				LD_RUNPATH_SEARCH_PATHS = "$(inherited) @executable_path/Frameworks @loader_path/Frameworks";
				PRODUCT_BUNDLE_IDENTIFIER = boxfish.ExpandTableViewHeaderTestUITests;
				PRODUCT_NAME = "$(TARGET_NAME)";
				SWIFT_VERSION = 4.0;
				TARGETED_DEVICE_FAMILY = "1,2";
				TEST_TARGET_NAME = ExpandTableViewHeaderTest;
			};
			name = Debug;
		};
		16A6B8AC2011884F00D03277 /* Release */ = {
			isa = XCBuildConfiguration;
			buildSettings = {
				ALWAYS_EMBED_SWIFT_STANDARD_LIBRARIES = YES;
				CODE_SIGN_STYLE = Automatic;
				INFOPLIST_FILE = ExpandTableViewHeaderTestUITests/Info.plist;
				LD_RUNPATH_SEARCH_PATHS = "$(inherited) @executable_path/Frameworks @loader_path/Frameworks";
				PRODUCT_BUNDLE_IDENTIFIER = boxfish.ExpandTableViewHeaderTestUITests;
				PRODUCT_NAME = "$(TARGET_NAME)";
				SWIFT_VERSION = 4.0;
				TARGETED_DEVICE_FAMILY = "1,2";
				TEST_TARGET_NAME = ExpandTableViewHeaderTest;
			};
			name = Release;
		};
/* End XCBuildConfiguration section */

/* Begin XCConfigurationList section */
		16A6B8772011884E00D03277 /* Build configuration list for PBXProject "ExpandTableViewHeaderTest" */ = {
			isa = XCConfigurationList;
			buildConfigurations = (
				16A6B8A22011884F00D03277 /* Debug */,
				16A6B8A32011884F00D03277 /* Release */,
			);
			defaultConfigurationIsVisible = 0;
			defaultConfigurationName = Release;
		};
		16A6B8A42011884F00D03277 /* Build configuration list for PBXNativeTarget "ExpandTableViewHeaderTest" */ = {
			isa = XCConfigurationList;
			buildConfigurations = (
				16A6B8A52011884F00D03277 /* Debug */,
				16A6B8A62011884F00D03277 /* Release */,
			);
			defaultConfigurationIsVisible = 0;
			defaultConfigurationName = Release;
		};
		16A6B8A72011884F00D03277 /* Build configuration list for PBXNativeTarget "ExpandTableViewHeaderTestTests" */ = {
			isa = XCConfigurationList;
			buildConfigurations = (
				16A6B8A82011884F00D03277 /* Debug */,
				16A6B8A92011884F00D03277 /* Release */,
			);
			defaultConfigurationIsVisible = 0;
			defaultConfigurationName = Release;
		};
		16A6B8AA2011884F00D03277 /* Build configuration list for PBXNativeTarget "ExpandTableViewHeaderTestUITests" */ = {
			isa = XCConfigurationList;
			buildConfigurations = (
				16A6B8AB2011884F00D03277 /* Debug */,
				16A6B8AC2011884F00D03277 /* Release */,
			);
			defaultConfigurationIsVisible = 0;
			defaultConfigurationName = Release;
		};
/* End XCConfigurationList section */
	};
	rootObject = 16A6B8742011884E00D03277 /* Project object */;
}
